
Microsoft Visual Studio Solution File, Format Version 12.00
# Visual Studio Version 17
VisualStudioVersion = 17.5.33530.505
MinimumVisualStudioVersion = 10.0.40219.1
Project("{FAE04EC0-301F-11D3-BF4B-00C04F79EFBC}") = "Ex 01", "Ex1\Ex 01.csproj", "{5DA8C982-D6F6-41B4-A0F9-67806DCAA557}"
EndProject
Project("{FAE04EC0-301F-11D3-BF4B-00C04F79EFBC}") = "Ex 02", "Ex2\Ex 02.csproj", "{D7AA1A5A-15A8-42C1-BE39-D023E698A3B8}"
EndProject
Project("{FAE04EC0-301F-11D3-BF4B-00C04F79EFBC}") = "Ex 03", "Ex3\Ex 03.csproj", "{BAE87229-776A-44DB-9B0E-301CC381AE60}"
EndProject
Project("{FAE04EC0-301F-11D3-BF4B-00C04F79EFBC}") = "Ex 04", "Ex4\Ex 04.csproj", "{E63ACFF1-2F7E-4A38-96C2-362D494A8F20}"
EndProject
Project("{FAE04EC0-301F-11D3-BF4B-00C04F79EFBC}") = "Ex 05", "Ex5\Ex 05.csproj", "{7998AC53-3814-44AE-8929-FC71DD0BA058}"
EndProject
Project("{FAE04EC0-301F-11D3-BF4B-00C04F79EFBC}") = "Ex 06", "Ex6\Ex 06.csproj", "{607DE393-65B4-48BF-AD12-CF92557797E2}"
EndProject
Project("{FAE04EC0-301F-11D3-BF4B-00C04F79EFBC}") = "Ex 07", "Ex7\Ex 07.csproj", "{C73961DC-E6EF-42C9-B751-201D002E39AC}"
EndProject
Project("{2150E333-8FDC-42A3-9474-1A3956D46DE8}") = "LISTA 1", "LISTA 1", "{F5C00D8D-0F2B-49AD-824F-4AD8152255D8}"
EndProject
Project("{FAE04EC0-301F-11D3-BF4B-00C04F79EFBC}") = "Ex 08", "Ex8\Ex 08.csproj", "{1CF6BA91-A392-4F65-804C-479A3D2B67FF}"
EndProject
Project("{FAE04EC0-301F-11D3-BF4B-00C04F79EFBC}") = "Ex 09", "Ex9\Ex 09.csproj", "{BBB856E9-CE50-487D-97BB-9C8349D28AB6}"
EndProject
Project("{FAE04EC0-301F-11D3-BF4B-00C04F79EFBC}") = "Ex 10", "Ex10\Ex 10.csproj", "{CE487086-2B3A-4978-892B-196AF75A192D}"
EndProject
Project("{FAE04EC0-301F-11D3-BF4B-00C04F79EFBC}") = "Ex 11", "Ex 11\Ex 11.csproj", "{E21DB14B-659D-49D7-8183-DE5555085D69}"
EndProject
Project("{2150E333-8FDC-42A3-9474-1A3956D46DE8}") = "LISTA 1 - 2", "LISTA 1 - 2", "{50A70966-4E20-4811-BFB0-899087AEAE82}"
EndProject
Global
	GlobalSection(SolutionConfigurationPlatforms) = preSolution
		Debug|Any CPU = Debug|Any CPU
		Release|Any CPU = Release|Any CPU
	EndGlobalSection
	GlobalSection(ProjectConfigurationPlatforms) = postSolution
		{5DA8C982-D6F6-41B4-A0F9-67806DCAA557}.Debug|Any CPU.ActiveCfg = Debug|Any CPU
		{5DA8C982-D6F6-41B4-A0F9-67806DCAA557}.Debug|Any CPU.Build.0 = Debug|Any CPU
		{5DA8C982-D6F6-41B4-A0F9-67806DCAA557}.Release|Any CPU.ActiveCfg = Release|Any CPU
		{5DA8C982-D6F6-41B4-A0F9-67806DCAA557}.Release|Any CPU.Build.0 = Release|Any CPU
		{D7AA1A5A-15A8-42C1-BE39-D023E698A3B8}.Debug|Any CPU.ActiveCfg = Debug|Any CPU
		{D7AA1A5A-15A8-42C1-BE39-D023E698A3B8}.Debug|Any CPU.Build.0 = Debug|Any CPU
		{D7AA1A5A-15A8-42C1-BE39-D023E698A3B8}.Release|Any CPU.ActiveCfg = Release|Any CPU
		{D7AA1A5A-15A8-42C1-BE39-D023E698A3B8}.Release|Any CPU.Build.0 = Release|Any CPU
		{BAE87229-776A-44DB-9B0E-301CC381AE60}.Debug|Any CPU.ActiveCfg = Debug|Any CPU
		{BAE87229-776A-44DB-9B0E-301CC381AE60}.Debug|Any CPU.Build.0 = Debug|Any CPU
		{BAE87229-776A-44DB-9B0E-301CC381AE60}.Release|Any CPU.ActiveCfg = Release|Any CPU
		{BAE87229-776A-44DB-9B0E-301CC381AE60}.Release|Any CPU.Build.0 = Release|Any CPU
		{E63ACFF1-2F7E-4A38-96C2-362D494A8F20}.Debug|Any CPU.ActiveCfg = Debug|Any CPU
		{E63ACFF1-2F7E-4A38-96C2-362D494A8F20}.Debug|Any CPU.Build.0 = Debug|Any CPU
		{E63ACFF1-2F7E-4A38-96C2-362D494A8F20}.Release|Any CPU.ActiveCfg = Release|Any CPU
		{E63ACFF1-2F7E-4A38-96C2-362D494A8F20}.Release|Any CPU.Build.0 = Release|Any CPU
		{7998AC53-3814-44AE-8929-FC71DD0BA058}.Debug|Any CPU.ActiveCfg = Debug|Any CPU
		{7998AC53-3814-44AE-8929-FC71DD0BA058}.Debug|Any CPU.Build.0 = Debug|Any CPU
		{7998AC53-3814-44AE-8929-FC71DD0BA058}.Release|Any CPU.ActiveCfg = Release|Any CPU
		{7998AC53-3814-44AE-8929-FC71DD0BA058}.Release|Any CPU.Build.0 = Release|Any CPU
		{607DE393-65B4-48BF-AD12-CF92557797E2}.Debug|Any CPU.ActiveCfg = Debug|Any CPU
		{607DE393-65B4-48BF-AD12-CF92557797E2}.Debug|Any CPU.Build.0 = Debug|Any CPU
		{607DE393-65B4-48BF-AD12-CF92557797E2}.Release|Any CPU.ActiveCfg = Release|Any CPU
		{607DE393-65B4-48BF-AD12-CF92557797E2}.Release|Any CPU.Build.0 = Release|Any CPU
		{C73961DC-E6EF-42C9-B751-201D002E39AC}.Debug|Any CPU.ActiveCfg = Debug|Any CPU
		{C73961DC-E6EF-42C9-B751-201D002E39AC}.Debug|Any CPU.Build.0 = Debug|Any CPU
		{C73961DC-E6EF-42C9-B751-201D002E39AC}.Release|Any CPU.ActiveCfg = Release|Any CPU
		{C73961DC-E6EF-42C9-B751-201D002E39AC}.Release|Any CPU.Build.0 = Release|Any CPU
		{1CF6BA91-A392-4F65-804C-479A3D2B67FF}.Debug|Any CPU.ActiveCfg = Debug|Any CPU
		{1CF6BA91-A392-4F65-804C-479A3D2B67FF}.Debug|Any CPU.Build.0 = Debug|Any CPU
		{1CF6BA91-A392-4F65-804C-479A3D2B67FF}.Release|Any CPU.ActiveCfg = Release|Any CPU
		{1CF6BA91-A392-4F65-804C-479A3D2B67FF}.Release|Any CPU.Build.0 = Release|Any CPU
		{BBB856E9-CE50-487D-97BB-9C8349D28AB6}.Debug|Any CPU.ActiveCfg = Debug|Any CPU
		{BBB856E9-CE50-487D-97BB-9C8349D28AB6}.Debug|Any CPU.Build.0 = Debug|Any CPU
		{BBB856E9-CE50-487D-97BB-9C8349D28AB6}.Release|Any CPU.ActiveCfg = Release|Any CPU
		{BBB856E9-CE50-487D-97BB-9C8349D28AB6}.Release|Any CPU.Build.0 = Release|Any CPU
		{CE487086-2B3A-4978-892B-196AF75A192D}.Debug|Any CPU.ActiveCfg = Debug|Any CPU
		{CE487086-2B3A-4978-892B-196AF75A192D}.Debug|Any CPU.Build.0 = Debug|Any CPU
		{CE487086-2B3A-4978-892B-196AF75A192D}.Release|Any CPU.ActiveCfg = Release|Any CPU
		{CE487086-2B3A-4978-892B-196AF75A192D}.Release|Any CPU.Build.0 = Release|Any CPU
		{E21DB14B-659D-49D7-8183-DE5555085D69}.Debug|Any CPU.ActiveCfg = Debug|Any CPU
		{E21DB14B-659D-49D7-8183-DE5555085D69}.Debug|Any CPU.Build.0 = Debug|Any CPU
		{E21DB14B-659D-49D7-8183-DE5555085D69}.Release|Any CPU.ActiveCfg = Release|Any CPU
		{E21DB14B-659D-49D7-8183-DE5555085D69}.Release|Any CPU.Build.0 = Release|Any CPU
	EndGlobalSection
	GlobalSection(SolutionProperties) = preSolution
		HideSolutionNode = FALSE
	EndGlobalSection
	GlobalSection(NestedProjects) = preSolution
		{5DA8C982-D6F6-41B4-A0F9-67806DCAA557} = {F5C00D8D-0F2B-49AD-824F-4AD8152255D8}
		{D7AA1A5A-15A8-42C1-BE39-D023E698A3B8} = {F5C00D8D-0F2B-49AD-824F-4AD8152255D8}
		{BAE87229-776A-44DB-9B0E-301CC381AE60} = {F5C00D8D-0F2B-49AD-824F-4AD8152255D8}
		{E63ACFF1-2F7E-4A38-96C2-362D494A8F20} = {F5C00D8D-0F2B-49AD-824F-4AD8152255D8}
		{7998AC53-3814-44AE-8929-FC71DD0BA058} = {F5C00D8D-0F2B-49AD-824F-4AD8152255D8}
		{607DE393-65B4-48BF-AD12-CF92557797E2} = {F5C00D8D-0F2B-49AD-824F-4AD8152255D8}
		{C73961DC-E6EF-42C9-B751-201D002E39AC} = {F5C00D8D-0F2B-49AD-824F-4AD8152255D8}
		{1CF6BA91-A392-4F65-804C-479A3D2B67FF} = {F5C00D8D-0F2B-49AD-824F-4AD8152255D8}
		{BBB856E9-CE50-487D-97BB-9C8349D28AB6} = {F5C00D8D-0F2B-49AD-824F-4AD8152255D8}
		{CE487086-2B3A-4978-892B-196AF75A192D} = {50A70966-4E20-4811-BFB0-899087AEAE82}
		{E21DB14B-659D-49D7-8183-DE5555085D69} = {50A70966-4E20-4811-BFB0-899087AEAE82}
	EndGlobalSection
	GlobalSection(ExtensibilityGlobals) = postSolution
		SolutionGuid = {8B0BED83-EAB2-4A79-9DF4-FD393C62AF60}
	EndGlobalSection
EndGlobal
